{
    "_meta": {
        "hash": {
            "sha256": "861573c43dd59c0e01ef30dd82f39a32b11b67881034f54df9ead3da4de8dd0c"
        },
        "pipfile-spec": 6,
        "requires": {
            "python_version": "3.7"
        },
        "sources": [
            {
                "name": "pypi",
                "url": "https://pypi.org/simple",
                "verify_ssl": true
            }
        ]
    },
    "default": {
        "certifi": {
            "hashes": [
                "sha256:017c25db2a153ce562900032d5bc68e9f191e44e9a0f762f373977de9df1fbb3",
                "sha256:25b64c7da4cd7479594d035c08c2d809eb4aab3a26e5a990ea98cc450c320f1f"
            ],
            "version": "==2019.11.28"
        },
        "chardet": {
            "hashes": [
                "sha256:84ab92ed1c4d4f16916e05906b6b75a6c0fb5db821cc65e70cbd64a3e2a5eaae",
                "sha256:fc323ffcaeaed0e0a02bf4d117757b98aed530d9ed4531e3e15460124c106691"
            ],
            "version": "==3.0.4"
        },
        "deprecated": {
            "hashes": [
                "sha256:408038ab5fdeca67554e8f6742d1521cd3cd0ee0ff9d47f29318a4f4da31c308",
                "sha256:8b6a5aa50e482d8244a62e5582b96c372e87e3a28e8b49c316e46b95c76a611d"
            ],
            "version": "==1.2.7"
        },
        "idna": {
            "hashes": [
                "sha256:c357b3f628cf53ae2c4c05627ecc484553142ca23264e593d327bcde5e9c3407",
                "sha256:ea8b7f6188e6fa117537c3df7da9fc686d485087abf6ac197f9c46432f7e4a3c"
            ],
            "version": "==2.8"
        },
        "invoke": {
            "hashes": [
                "sha256:4668a4a594a47f2da2f0672ec2f7b1566f809cebf10bcd95ce2de9ecf39b95d1",
                "sha256:ae7b4513638bde9afcda0825e9535599637a3f65bd819a27098356027bb17c8a",
                "sha256:e04faba8ea7cdf6f5c912be42dcafd5c1074b7f2f306998992c4bfb40a9a690b"
            ],
            "index": "pypi",
            "version": "==1.4.0"
        },
        "pygithub": {
            "hashes": [
                "sha256:980ac6288f3b38332ae988b7d7374e2b71e21d4e3332413c079fd92dda040126"
            ],
            "index": "pypi",
            "version": "==1.45"
        },
        "pyjwt": {
            "hashes": [
                "sha256:5c6eca3c2940464d106b99ba83b00c6add741c9becaec087fb7ccdefea71350e",
                "sha256:8d59a976fb773f3e6a39c85636357c4f0e242707394cadadd9814f5cbaa20e96"
            ],
            "version": "==1.7.1"
        },
        "requests": {
            "hashes": [
                "sha256:11e007a8a2aa0323f5a921e9e6a2d7e4e67d9877e85773fba9ba6419025cbeb4",
                "sha256:9cf5292fcd0f598c671cfc1e0d7d1a7f13bb8085e9a590f48c010551dc6c4b31"
            ],
            "version": "==2.22.0"
        },
        "six": {
            "hashes": [
                "sha256:236bdbdce46e6e6a3d61a337c0f8b763ca1e8717c03b369e87a7ec7ce1319c0a",
                "sha256:8f3cd2e254d8f793e7f3d6d9df77b92252b52637291d0f0da013c76ea2724b6c"
            ],
            "version": "==1.14.0"
        },
        "urllib3": {
            "hashes": [
                "sha256:a8a318824cc77d1fd4b2bec2ded92646630d7fe8619497b142c84a9e6f5a7293",
                "sha256:f3c5fd51747d450d4dcf6f923c81f78f811aab8205fda64b0aba34a4e48b0745"
            ],
            "version": "==1.25.7"
        },
        "wrapt": {
            "hashes": [
                "sha256:565a021fd19419476b9362b05eeaa094178de64f8361e44468f9e9d7843901e1",
                "sha256:6087c7557e7218838e1a3d21113365d05e259bb1f836ecd7b02e3785bfe7493d"
            ],
            "version": "==1.11.2"
        }
    },
    "develop": {}
}
